
Microsoft Visual Studio Solution File, Format Version 12.00
# Visual Studio Version 17
VisualStudioVersion = 17.13.35931.197 d17.13
MinimumVisualStudioVersion = 10.0.40219.1
Project("{FAE04EC0-301F-11D3-BF4B-00C04F79EFBC}") = "ExpenseTracker.App", "ExpenseTracker.App\ExpenseTracker.App.csproj", "{9D0B4FA3-76E7-4151-BECA-A6836E98FB67}"
EndProject
Project("{FAE04EC0-301F-11D3-BF4B-00C04F79EFBC}") = "ExpenseTracker.Entities", "ExpenseTracker.Entities\ExpenseTracker.Entities.csproj", "{E5A47501-693E-4A01-8B85-C42B484D0EBC}"
EndProject
Project("{FAE04EC0-301F-11D3-BF4B-00C04F79EFBC}") = "ExpenseTracker.Repository", "ExpenseTracker.Repository\ExpenseTracker.Repository.csproj", "{0AB5539D-CEF6-4FEA-BE5A-BE5F22FD686F}"
EndProject
Project("{FAE04EC0-301F-11D3-BF4B-00C04F79EFBC}") = "ExpenseTracker.Contracts", "ExpenseTracker.Contracts\ExpenseTracker.Contracts.csproj", "{BF0CB142-BE6C-41A9-8ACD-A16E9DB35796}"
EndProject
Project("{FAE04EC0-301F-11D3-BF4B-00C04F79EFBC}") = "ExpenseTracker.Services", "ExpenseTracker.Services\ExpenseTracker.Services.csproj", "{4C0A0076-F50E-48B7-AE6A-9C851DF946E1}"
EndProject
Project("{FAE04EC0-301F-11D3-BF4B-00C04F79EFBC}") = "ExpenseTracker.Services.Tests", "ExpenseTracker.Services.Tests\ExpenseTracker.Services.Tests.csproj", "{721E6C62-CBA2-45C3-91D9-525AE79D39D3}"
EndProject
Project("{FAE04EC0-301F-11D3-BF4B-00C04F79EFBC}") = "ExpenseTracker.TestsBase", "ExpenseTracker.TestsBase\ExpenseTracker.TestsBase.csproj", "{C0893AD2-7523-4FB4-AF5C-9A75DC9DFCCC}"
EndProject
Project("{FAE04EC0-301F-11D3-BF4B-00C04F79EFBC}") = "ExpenseTracker.Repository.Tests", "ExpenseTracker.Repository.Tests\ExpenseTracker.Repository.Tests.csproj", "{CB7EA692-5E85-4AE8-ACCF-0886FAB3B070}"
EndProject
Project("{FAE04EC0-301F-11D3-BF4B-00C04F79EFBC}") = "ExpenseTracker.Logger", "ExpenseTracker.Logger\ExpenseTracker.Logger.csproj", "{64000A83-1B64-4AE8-AB83-84248477F4DA}"
EndProject
Project("{FAE04EC0-301F-11D3-BF4B-00C04F79EFBC}") = "ExpenseTracker.Shared", "ExpenseTracker.DataTransferObjects\ExpenseTracker.Shared.csproj", "{6F022630-F392-4EA2-B594-DED24109A13B}"
EndProject
Global
	GlobalSection(SolutionConfigurationPlatforms) = preSolution
		Debug|Any CPU = Debug|Any CPU
		Release|Any CPU = Release|Any CPU
	EndGlobalSection
	GlobalSection(ProjectConfigurationPlatforms) = postSolution
		{9D0B4FA3-76E7-4151-BECA-A6836E98FB67}.Debug|Any CPU.ActiveCfg = Debug|Any CPU
		{9D0B4FA3-76E7-4151-BECA-A6836E98FB67}.Debug|Any CPU.Build.0 = Debug|Any CPU
		{9D0B4FA3-76E7-4151-BECA-A6836E98FB67}.Release|Any CPU.ActiveCfg = Release|Any CPU
		{9D0B4FA3-76E7-4151-BECA-A6836E98FB67}.Release|Any CPU.Build.0 = Release|Any CPU
		{E5A47501-693E-4A01-8B85-C42B484D0EBC}.Debug|Any CPU.ActiveCfg = Debug|Any CPU
		{E5A47501-693E-4A01-8B85-C42B484D0EBC}.Debug|Any CPU.Build.0 = Debug|Any CPU
		{E5A47501-693E-4A01-8B85-C42B484D0EBC}.Release|Any CPU.ActiveCfg = Release|Any CPU
		{E5A47501-693E-4A01-8B85-C42B484D0EBC}.Release|Any CPU.Build.0 = Release|Any CPU
		{0AB5539D-CEF6-4FEA-BE5A-BE5F22FD686F}.Debug|Any CPU.ActiveCfg = Debug|Any CPU
		{0AB5539D-CEF6-4FEA-BE5A-BE5F22FD686F}.Debug|Any CPU.Build.0 = Debug|Any CPU
		{0AB5539D-CEF6-4FEA-BE5A-BE5F22FD686F}.Release|Any CPU.ActiveCfg = Release|Any CPU
		{0AB5539D-CEF6-4FEA-BE5A-BE5F22FD686F}.Release|Any CPU.Build.0 = Release|Any CPU
		{BF0CB142-BE6C-41A9-8ACD-A16E9DB35796}.Debug|Any CPU.ActiveCfg = Debug|Any CPU
		{BF0CB142-BE6C-41A9-8ACD-A16E9DB35796}.Debug|Any CPU.Build.0 = Debug|Any CPU
		{BF0CB142-BE6C-41A9-8ACD-A16E9DB35796}.Release|Any CPU.ActiveCfg = Release|Any CPU
		{BF0CB142-BE6C-41A9-8ACD-A16E9DB35796}.Release|Any CPU.Build.0 = Release|Any CPU
		{4C0A0076-F50E-48B7-AE6A-9C851DF946E1}.Debug|Any CPU.ActiveCfg = Debug|Any CPU
		{4C0A0076-F50E-48B7-AE6A-9C851DF946E1}.Debug|Any CPU.Build.0 = Debug|Any CPU
		{4C0A0076-F50E-48B7-AE6A-9C851DF946E1}.Release|Any CPU.ActiveCfg = Release|Any CPU
		{4C0A0076-F50E-48B7-AE6A-9C851DF946E1}.Release|Any CPU.Build.0 = Release|Any CPU
		{721E6C62-CBA2-45C3-91D9-525AE79D39D3}.Debug|Any CPU.ActiveCfg = Debug|Any CPU
		{721E6C62-CBA2-45C3-91D9-525AE79D39D3}.Debug|Any CPU.Build.0 = Debug|Any CPU
		{721E6C62-CBA2-45C3-91D9-525AE79D39D3}.Release|Any CPU.ActiveCfg = Release|Any CPU
		{721E6C62-CBA2-45C3-91D9-525AE79D39D3}.Release|Any CPU.Build.0 = Release|Any CPU
		{C0893AD2-7523-4FB4-AF5C-9A75DC9DFCCC}.Debug|Any CPU.ActiveCfg = Debug|Any CPU
		{C0893AD2-7523-4FB4-AF5C-9A75DC9DFCCC}.Debug|Any CPU.Build.0 = Debug|Any CPU
		{C0893AD2-7523-4FB4-AF5C-9A75DC9DFCCC}.Release|Any CPU.ActiveCfg = Release|Any CPU
		{C0893AD2-7523-4FB4-AF5C-9A75DC9DFCCC}.Release|Any CPU.Build.0 = Release|Any CPU
		{CB7EA692-5E85-4AE8-ACCF-0886FAB3B070}.Debug|Any CPU.ActiveCfg = Debug|Any CPU
		{CB7EA692-5E85-4AE8-ACCF-0886FAB3B070}.Debug|Any CPU.Build.0 = Debug|Any CPU
		{CB7EA692-5E85-4AE8-ACCF-0886FAB3B070}.Release|Any CPU.ActiveCfg = Release|Any CPU
		{CB7EA692-5E85-4AE8-ACCF-0886FAB3B070}.Release|Any CPU.Build.0 = Release|Any CPU
		{64000A83-1B64-4AE8-AB83-84248477F4DA}.Debug|Any CPU.ActiveCfg = Debug|Any CPU
		{64000A83-1B64-4AE8-AB83-84248477F4DA}.Debug|Any CPU.Build.0 = Debug|Any CPU
		{64000A83-1B64-4AE8-AB83-84248477F4DA}.Release|Any CPU.ActiveCfg = Release|Any CPU
		{64000A83-1B64-4AE8-AB83-84248477F4DA}.Release|Any CPU.Build.0 = Release|Any CPU
		{6F022630-F392-4EA2-B594-DED24109A13B}.Debug|Any CPU.ActiveCfg = Debug|Any CPU
		{6F022630-F392-4EA2-B594-DED24109A13B}.Debug|Any CPU.Build.0 = Debug|Any CPU
		{6F022630-F392-4EA2-B594-DED24109A13B}.Release|Any CPU.ActiveCfg = Release|Any CPU
		{6F022630-F392-4EA2-B594-DED24109A13B}.Release|Any CPU.Build.0 = Release|Any CPU
	EndGlobalSection
	GlobalSection(SolutionProperties) = preSolution
		HideSolutionNode = FALSE
	EndGlobalSection
	GlobalSection(ExtensibilityGlobals) = postSolution
		SolutionGuid = {01F6B6A3-F78E-4928-A682-AD62DD765F73}
	EndGlobalSection
EndGlobal
